lockfileVersion: 5.4

specifiers:
  '@react-aria/live-announcer': ^3.3.0
  '@types/react': 17.0.26
  '@types/react-dom': 17.0.9
  immutability-helper: ^3.1.1
  prettier: ^2.0.4
  react: ^18.2.0
  react-dnd: 16.0.0
  react-dnd-html5-backend: 16.0.0
  react-dnd-multi-backend: 8.0.0
  react-dom: ^18.2.0
  typescript: 5.0.4

dependencies:
  '@react-aria/live-announcer': 3.3.0
  immutability-helper: 3.1.1

devDependencies:
  '@types/react': 17.0.26
  '@types/react-dom': 17.0.9
  prettier: 2.8.8
  react: 18.2.0
  react-dnd: 16.0.0_bdgigdncarkpn3bstlbsdrkiii
  react-dnd-html5-backend: 16.0.0
  react-dnd-multi-backend: 8.0.0_4siqmbcr6wptgkzmbdkx42rnva
  react-dom: 18.2.0_react@18.2.0
  typescript: 5.0.4

packages:

  /@babel/runtime/7.21.5:
    resolution: {integrity: sha512-8jI69toZqqcsnqGGqwGS4Qb1VwLOEp4hz+CXPywcvjs60u3B4Pom/U/7rm4W8tMOYEB+E9wgD0mW1l3r8qlI9Q==}
    engines: {node: '>=6.9.0'}
    dependencies:
      regenerator-runtime: 0.13.11
    dev: true

  /@react-aria/live-announcer/3.3.0:
    resolution: {integrity: sha512-6diTS6mIf70KdxfGqiDxHV+9Qv8a9A88EqBllzXGF6HWPdcwde/GIEmfpTwj8g1ImNGZYUwDkv4Hd9lFj0MXEg==}
    dependencies:
      '@swc/helpers': 0.4.14
    dev: false

  /@react-dnd/asap/5.0.2:
    resolution: {integrity: sha512-WLyfoHvxhs0V9U+GTsGilGgf2QsPl6ZZ44fnv0/b8T3nQyvzxidxsg/ZltbWssbsRDlYW8UKSQMTGotuTotZ6A==}
    dev: true

  /@react-dnd/invariant/4.0.2:
    resolution: {integrity: sha512-xKCTqAK/FFauOM9Ta2pswIyT3D8AQlfrYdOi/toTPEhqCuAs1v5tcJ3Y08Izh1cJ5Jchwy9SeAXmMg6zrKs2iw==}
    dev: true

  /@react-dnd/shallowequal/4.0.2:
    resolution: {integrity: sha512-/RVXdLvJxLg4QKvMoM5WlwNR9ViO9z8B/qPcc+C0Sa/teJY7QG7kJ441DwzOjMYEY7GmU4dj5EcGHIkKZiQZCA==}
    dev: true

  /@swc/helpers/0.4.14:
    resolution: {integrity: sha512-4C7nX/dvpzB7za4Ql9K81xK3HPxCpHMgwTZVyf+9JQ6VUbn9jjZVN7/Nkdz/Ugzs2CSjqnL/UPXroiVBVHUWUw==}
    dependencies:
      tslib: 2.5.0
    dev: false

  /@types/prop-types/15.7.5:
    resolution: {integrity: sha512-JCB8C6SnDoQf0cNycqd/35A7MjcnK+ZTqE7judS6o7utxUCg6imJg3QK2qzHKszlTjcj2cn+NwMB2i96ubpj7w==}
    dev: true

  /@types/react-dom/17.0.9:
    resolution: {integrity: sha512-wIvGxLfgpVDSAMH5utdL9Ngm5Owu0VsGmldro3ORLXV8CShrL8awVj06NuEXFQ5xyaYfdca7Sgbk/50Ri1GdPg==}
    dependencies:
      '@types/react': 17.0.26
    dev: true

  /@types/react/17.0.26:
    resolution: {integrity: sha512-MXxuXrH2xOcv5cp/su4oz69dNQnSA90JjFw5HBd5wifw6Ihi94j7dRJm7qNsB30tnruXSCPc9qmlhGop4nh9Hw==}
    dependencies:
      '@types/prop-types': 15.7.5
      '@types/scheduler': 0.16.3
      csstype: 3.1.2
    dev: true

  /@types/scheduler/0.16.3:
    resolution: {integrity: sha512-5cJ8CB4yAx7BH1oMvdU0Jh9lrEXyPkar6F9G/ERswkCuvP4KQZfZkSjcMbAICCpQTN4OuZn8tz0HiKv9TGZgrQ==}
    dev: true

  /csstype/3.1.2:
    resolution: {integrity: sha512-I7K1Uu0MBPzaFKg4nI5Q7Vs2t+3gWWW648spaF+Rg7pI9ds18Ugn+lvg4SHczUdKlHI5LWBXyqfS8+DufyBsgQ==}
    dev: true

  /dnd-core/16.0.1:
    resolution: {integrity: sha512-HK294sl7tbw6F6IeuK16YSBUoorvHpY8RHO+9yFfaJyCDVb6n7PRcezrOEOa2SBCqiYpemh5Jx20ZcjKdFAVng==}
    dependencies:
      '@react-dnd/asap': 5.0.2
      '@react-dnd/invariant': 4.0.2
      redux: 4.2.1
    dev: true

  /dnd-multi-backend/8.0.0:
    resolution: {integrity: sha512-5iFo8USv3+q0kVRTm9zsuyi/5GRZEA6fDZKr9ZpmV5pUdHmL9ktL/2c2Anw8T2tnpDDw8FM3k2cvqyMAKhWd/w==}
    dev: true

  /fast-deep-equal/3.1.3:
    resolution: {integrity: sha512-f3qQ9oQy9j2AhBe/H9VC91wLmKBCCU/gDOnKNAYG5hswO7BLKj09Hc5HYNz9cGI++xlpDCIgDaitVs03ATR84Q==}
    dev: true

  /hoist-non-react-statics/3.3.2:
    resolution: {integrity: sha512-/gGivxi8JPKWNm/W0jSmzcMPpfpPLc3dY/6GxhX2hQ9iGj3aDfklV4ET7NjKpSinLpJ5vafa9iiGIEZg10SfBw==}
    dependencies:
      react-is: 16.13.1
    dev: true

  /immutability-helper/3.1.1:
    resolution: {integrity: sha512-Q0QaXjPjwIju/28TsugCHNEASwoCcJSyJV3uO1sOIQGI0jKgm9f41Lvz0DZj3n46cNCyAZTsEYoY4C2bVRUzyQ==}
    dev: false

  /js-tokens/4.0.0:
    resolution: {integrity: sha512-RdJUflcE3cUzKiMqQgsCu06FPu9UdIJO0beYbPhHN4k6apgJtifcoCtT9bcxOpYBtpD2kCM6Sbzg4CausW/PKQ==}
    dev: true

  /loose-envify/1.4.0:
    resolution: {integrity: sha512-lyuxPGr/Wfhrlem2CL/UcnUc1zcqKAImBDzukY7Y5F/yQiNdko6+fRLevlw1HgMySw7f611UIY408EtxRSoK3Q==}
    hasBin: true
    dependencies:
      js-tokens: 4.0.0
    dev: true

  /prettier/2.8.8:
    resolution: {integrity: sha512-tdN8qQGvNjw4CHbY+XXk0JgCXn9QiF21a55rBe5LJAU+kDyC4WQn4+awm2Xfk2lQMk5fKup9XgzTZtGkjBdP9Q==}
    engines: {node: '>=10.13.0'}
    hasBin: true
    dev: true

  /react-dnd-html5-backend/16.0.0:
    resolution: {integrity: sha512-be3lKEbbT8FQcoTjFlQ4ZXG/NVrFNJu9W0INc5rm/5EFQpHCkz+xpbB2U8j9uh5Bvk7AsJyQrZznEut0hrNPIA==}
    dependencies:
      dnd-core: 16.0.1
    dev: true

  /react-dnd-multi-backend/8.0.0_4siqmbcr6wptgkzmbdkx42rnva:
    resolution: {integrity: sha512-sYJmGUWRJsTa4sF/bxFu4tF/KSk668vf1TWbDqGdpvR9ltik/lBBqgihV3KLVtRRWytR/8wJCd9K5slj2Ve1tg==}
    peerDependencies:
      react: ^16.14.0 || ^17.0.2 || ^18.0.0
      react-dom: ^16.14.0 || ^17.0.2 || ^18.0.0
    dependencies:
      dnd-multi-backend: 8.0.0
      react: 18.2.0
      react-dnd-preview: 8.0.0_hjo5lxpbzxwrwy3aycu3mqye3e
      react-dom: 18.2.0_react@18.2.0
    transitivePeerDependencies:
      - react-dnd
    dev: true

  /react-dnd-preview/8.0.0_hjo5lxpbzxwrwy3aycu3mqye3e:
    resolution: {integrity: sha512-pKDpJxaGya00tqPqswGHN6d1lmXe26gGkiXSb9xsDGEXMS+efjz4YAid9tKyaKNWJMU8hJOcUmJWTQpdi22P2g==}
    peerDependencies:
      react: ^16.14.0 || ^17.0.2 || ^18.0.0
      react-dnd: ^16.0.1
    dependencies:
      react: 18.2.0
      react-dnd: 16.0.0_bdgigdncarkpn3bstlbsdrkiii
    dev: true

  /react-dnd/16.0.0_bdgigdncarkpn3bstlbsdrkiii:
    resolution: {integrity: sha512-RCoeWRWhuwSoqdLaJV8N/weARLyXqsf43OC3QiBWPORIIGGovF/EqI8ckf14ca3bl6oZNI/igtxX49+IDmNDeQ==}
    peerDependencies:
      '@types/hoist-non-react-statics': '>= 3.3.1'
      '@types/node': '>= 12'
      '@types/react': '>= 16'
      react: '>= 16.14'
    peerDependenciesMeta:
      '@types/hoist-non-react-statics':
        optional: true
      '@types/node':
        optional: true
      '@types/react':
        optional: true
    dependencies:
      '@react-dnd/invariant': 4.0.2
      '@react-dnd/shallowequal': 4.0.2
      '@types/react': 17.0.26
      dnd-core: 16.0.1
      fast-deep-equal: 3.1.3
      hoist-non-react-statics: 3.3.2
      react: 18.2.0
    dev: true

  /react-dom/18.2.0_react@18.2.0:
    resolution: {integrity: sha512-6IMTriUmvsjHUjNtEDudZfuDQUoWXVxKHhlEGSk81n4YFS+r/Kl99wXiwlVXtPBtJenozv2P+hxDsw9eA7Xo6g==}
    peerDependencies:
      react: ^18.2.0
    dependencies:
      loose-envify: 1.4.0
      react: 18.2.0
      scheduler: 0.23.0
    dev: true

  /react-is/16.13.1:
    resolution: {integrity: sha512-24e6ynE2H+OKt4kqsOvNd8kBpV65zoxbA4BVsEOB3ARVWQki/DHzaUoC5KuON/BiccDaCCTZBuOcfZs70kR8bQ==}
    dev: true

  /react/18.2.0:
    resolution: {integrity: sha512-/3IjMdb2L9QbBdWiW5e3P2/npwMBaU9mHCSCUzNln0ZCYbcfTsGbTJrU/kGemdH2IWmB2ioZ+zkxtmq6g09fGQ==}
    engines: {node: '>=0.10.0'}
    dependencies:
      loose-envify: 1.4.0
    dev: true

  /redux/4.2.1:
    resolution: {integrity: sha512-LAUYz4lc+Do8/g7aeRa8JkyDErK6ekstQaqWQrNRW//MY1TvCEpMtpTWvlQ+FPbWCx+Xixu/6SHt5N0HR+SB4w==}
    dependencies:
      '@babel/runtime': 7.21.5
    dev: true

  /regenerator-runtime/0.13.11:
    resolution: {integrity: sha512-kY1AZVr2Ra+t+piVaJ4gxaFaReZVH40AKNo7UCX6W+dEwBo/2oZJzqfuN1qLq1oL45o56cPaTXELwrTh8Fpggg==}
    dev: true

  /scheduler/0.23.0:
    resolution: {integrity: sha512-CtuThmgHNg7zIZWAXi3AsyIzA3n4xx7aNyjwC2VJldO2LMVDhFK+63xGqq6CsJH4rTAt6/M+N4GhZiDYPx9eUw==}
    dependencies:
      loose-envify: 1.4.0
    dev: true

  /tslib/2.5.0:
    resolution: {integrity: sha512-336iVw3rtn2BUK7ORdIAHTyxHGRIHVReokCR3XjbckJMK7ms8FysBfhLR8IXnAgy7T0PTPNBWKiH514FOW/WSg==}
    dev: false

  /typescript/5.0.4:
    resolution: {integrity: sha512-cW9T5W9xY37cc+jfEnaUvX91foxtHkza3Nw3wkoF4sSlKn0MONdkdEndig/qPBWXNkmplh3NzayQzCiHM4/hqw==}
    engines: {node: '>=12.20'}
    hasBin: true
    dev: true
